// !$*UTF8*$!
{
	archiveVersion = 1;
	classes = {
	};
	objectVersion = 48;
	objects = {

/* Begin PBXBuildFile section */
		2C89ACE61FCB2B1900706DE3 /* DetailViewController.swift in Sources */ = {isa = PBXBuildFile; fileRef = 2C89ACE51FCB2B1900706DE3 /* DetailViewController.swift */; };
		2CAD31A71FACD89400916691 /* AppDelegate.swift in Sources */ = {isa = PBXBuildFile; fileRef = 2CAD31A61FACD89400916691 /* AppDelegate.swift */; };
		2CAD31A91FACD89400916691 /* ViewController.swift in Sources */ = {isa = PBXBuildFile; fileRef = 2CAD31A81FACD89400916691 /* ViewController.swift */; };
		2CAD31AE1FACD89500916691 /* Assets.xcassets in Resources */ = {isa = PBXBuildFile; fileRef = 2CAD31AD1FACD89500916691 /* Assets.xcassets */; };
		2CAD31B11FACD89500916691 /* LaunchScreen.storyboard in Resources */ = {isa = PBXBuildFile; fileRef = 2CAD31AF1FACD89500916691 /* LaunchScreen.storyboard */; };
		2CAD31BC1FACD89500916691 /* PrintTableRowIndicesTests.swift in Sources */ = {isa = PBXBuildFile; fileRef = 2CAD31BB1FACD89500916691 /* PrintTableRowIndicesTests.swift */; };
		2CAD31F91FB4E5DC00916691 /* IndexTableViewCell.swift in Sources */ = {isa = PBXBuildFile; fileRef = 2CAD31F81FB4E5DC00916691 /* IndexTableViewCell.swift */; };
/* End PBXBuildFile section */

/* Begin PBXContainerItemProxy section */
		2CAD31B81FACD89500916691 /* PBXContainerItemProxy */ = {
			isa = PBXContainerItemProxy;
			containerPortal = 2CAD319B1FACD89400916691 /* Project object */;
			proxyType = 1;
			remoteGlobalIDString = 2CAD31A21FACD89400916691;
			remoteInfo = PrintTableRowIndices;
		};
/* End PBXContainerItemProxy section */

/* Begin PBXFileReference section */
		2C89ACE51FCB2B1900706DE3 /* DetailViewController.swift */ = {isa = PBXFileReference; lastKnownFileType = sourcecode.swift; path = DetailViewController.swift; sourceTree = "<group>"; };
		2CAD31A31FACD89400916691 /* PrintTableRowIndices.app */ = {isa = PBXFileReference; explicitFileType = wrapper.application; includeInIndex = 0; path = PrintTableRowIndices.app; sourceTree = BUILT_PRODUCTS_DIR; };
		2CAD31A61FACD89400916691 /* AppDelegate.swift */ = {isa = PBXFileReference; lastKnownFileType = sourcecode.swift; path = AppDelegate.swift; sourceTree = "<group>"; };
		2CAD31A81FACD89400916691 /* ViewController.swift */ = {isa = PBXFileReference; lastKnownFileType = sourcecode.swift; path = ViewController.swift; sourceTree = "<group>"; };
		2CAD31AD1FACD89500916691 /* Assets.xcassets */ = {isa = PBXFileReference; lastKnownFileType = folder.assetcatalog; path = Assets.xcassets; sourceTree = "<group>"; };
		2CAD31B01FACD89500916691 /* Base */ = {isa = PBXFileReference; lastKnownFileType = file.storyboard; name = Base; path = Base.lproj/LaunchScreen.storyboard; sourceTree = "<group>"; };
		2CAD31B21FACD89500916691 /* Info.plist */ = {isa = PBXFileReference; lastKnownFileType = text.plist.xml; path = Info.plist; sourceTree = "<group>"; };
		2CAD31B71FACD89500916691 /* PrintTableRowIndicesTests.xctest */ = {isa = PBXFileReference; explicitFileType = wrapper.cfbundle; includeInIndex = 0; path = PrintTableRowIndicesTests.xctest; sourceTree = BUILT_PRODUCTS_DIR; };
		2CAD31BB1FACD89500916691 /* PrintTableRowIndicesTests.swift */ = {isa = PBXFileReference; lastKnownFileType = sourcecode.swift; path = PrintTableRowIndicesTests.swift; sourceTree = "<group>"; };
		2CAD31BD1FACD89500916691 /* Info.plist */ = {isa = PBXFileReference; lastKnownFileType = text.plist.xml; path = Info.plist; sourceTree = "<group>"; };
		2CAD31F81FB4E5DC00916691 /* IndexTableViewCell.swift */ = {isa = PBXFileReference; lastKnownFileType = sourcecode.swift; path = IndexTableViewCell.swift; sourceTree = "<group>"; };
/* End PBXFileReference section */

/* Begin PBXFrameworksBuildPhase section */
		2CAD31A01FACD89400916691 /* Frameworks */ = {
			isa = PBXFrameworksBuildPhase;
			buildActionMask = 2147483647;
			files = (
			);
			runOnlyForDeploymentPostprocessing = 0;
		};
		2CAD31B41FACD89500916691 /* Frameworks */ = {
			isa = PBXFrameworksBuildPhase;
			buildActionMask = 2147483647;
			files = (
			);
			runOnlyForDeploymentPostprocessing = 0;
		};
/* End PBXFrameworksBuildPhase section */

/* Begin PBXGroup section */
		2CAD319A1FACD89400916691 = {
			isa = PBXGroup;
			children = (
				2CAD31A51FACD89400916691 /* PrintTableRowIndices */,
				2CAD31BA1FACD89500916691 /* PrintTableRowIndicesTests */,
				2CAD31A41FACD89400916691 /* Products */,
			);
			sourceTree = "<group>";
		};
		2CAD31A41FACD89400916691 /* Products */ = {
			isa = PBXGroup;
			children = (
				2CAD31A31FACD89400916691 /* PrintTableRowIndices.app */,
				2CAD31B71FACD89500916691 /* PrintTableRowIndicesTests.xctest */,
			);
			name = Products;
			sourceTree = "<group>";
		};
		2CAD31A51FACD89400916691 /* PrintTableRowIndices */ = {
			isa = PBXGroup;
			children = (
				2CAD31A61FACD89400916691 /* AppDelegate.swift */,
				2CAD31A81FACD89400916691 /* ViewController.swift */,
				2C89ACE51FCB2B1900706DE3 /* DetailViewController.swift */,
				2CAD31F81FB4E5DC00916691 /* IndexTableViewCell.swift */,
				2CAD31AD1FACD89500916691 /* Assets.xcassets */,
				2CAD31AF1FACD89500916691 /* LaunchScreen.storyboard */,
				2CAD31B21FACD89500916691 /* Info.plist */,
			);
			path = PrintTableRowIndices;
			sourceTree = "<group>";
		};
		2CAD31BA1FACD89500916691 /* PrintTableRowIndicesTests */ = {
			isa = PBXGroup;
			children = (
				2CAD31BB1FACD89500916691 /* PrintTableRowIndicesTests.swift */,
				2CAD31BD1FACD89500916691 /* Info.plist */,
			);
			path = PrintTableRowIndicesTests;
			sourceTree = "<group>";
		};
/* End PBXGroup section */

/* Begin PBXNativeTarget section */
		2CAD31A21FACD89400916691 /* PrintTableRowIndices */ = {
			isa = PBXNativeTarget;
			buildConfigurationList = 2CAD31C01FACD89500916691 /* Build configuration list for PBXNativeTarget "PrintTableRowIndices" */;
			buildPhases = (
				2CAD319F1FACD89400916691 /* Sources */,
				2CAD31A01FACD89400916691 /* Frameworks */,
				2CAD31A11FACD89400916691 /* Resources */,
			);
			buildRules = (
			);
			dependencies = (
			);
			name = PrintTableRowIndices;
			productName = PrintTableRowIndices;
			productReference = 2CAD31A31FACD89400916691 /* PrintTableRowIndices.app */;
			productType = "com.apple.product-type.application";
		};
		2CAD31B61FACD89500916691 /* PrintTableRowIndicesTests */ = {
			isa = PBXNativeTarget;
			buildConfigurationList = 2CAD31C31FACD89500916691 /* Build configuration list for PBXNativeTarget "PrintTableRowIndicesTests" */;
			buildPhases = (
				2CAD31B31FACD89500916691 /* Sources */,
				2CAD31B41FACD89500916691 /* Frameworks */,
				2CAD31B51FACD89500916691 /* Resources */,
			);
			buildRules = (
			);
			dependencies = (
				2CAD31B91FACD89500916691 /* PBXTargetDependency */,
			);
			name = PrintTableRowIndicesTests;
			productName = PrintTableRowIndicesTests;
			productReference = 2CAD31B71FACD89500916691 /* PrintTableRowIndicesTests.xctest */;
			productType = "com.apple.product-type.bundle.unit-test";
		};
/* End PBXNativeTarget section */

/* Begin PBXProject section */
		2CAD319B1FACD89400916691 /* Project object */ = {
			isa = PBXProject;
			attributes = {
				LastSwiftUpdateCheck = 0900;
				LastUpgradeCheck = 0900;
				ORGANIZATIONNAME = "Louise Lehman";
				TargetAttributes = {
					2CAD31A21FACD89400916691 = {
						CreatedOnToolsVersion = 9.0.1;
						ProvisioningStyle = Automatic;
					};
					2CAD31B61FACD89500916691 = {
						CreatedOnToolsVersion = 9.0.1;
						ProvisioningStyle = Automatic;
						TestTargetID = 2CAD31A21FACD89400916691;
					};
				};
			};
			buildConfigurationList = 2CAD319E1FACD89400916691 /* Build configuration list for PBXProject "PrintTableRowIndices" */;
			compatibilityVersion = "Xcode 8.0";
			developmentRegion = en;
			hasScannedForEncodings = 0;
			knownRegions = (
				en,
				Base,
			);
			mainGroup = 2CAD319A1FACD89400916691;
			productRefGroup = 2CAD31A41FACD89400916691 /* Products */;
			projectDirPath = "";
			projectRoot = "";
			targets = (
				2CAD31A21FACD89400916691 /* PrintTableRowIndices */,
				2CAD31B61FACD89500916691 /* PrintTableRowIndicesTests */,
			);
		};
/* End PBXProject section */

/* Begin PBXResourcesBuildPhase section */
		2CAD31A11FACD89400916691 /* Resources */ = {
			isa = PBXResourcesBuildPhase;
			buildActionMask = 2147483647;
			files = (
				2CAD31B11FACD89500916691 /* LaunchScreen.storyboard in Resources */,
				2CAD31AE1FACD89500916691 /* Assets.xcassets in Resources */,
			);
			runOnlyForDeploymentPostprocessing = 0;
		};
		2CAD31B51FACD89500916691 /* Resources */ = {
			isa = PBXResourcesBuildPhase;
			buildActionMask = 2147483647;
			files = (
			);
			runOnlyForDeploymentPostprocessing = 0;
		};
/* End PBXResourcesBuildPhase section */

/* Begin PBXSourcesBuildPhase section */
		2CAD319F1FACD89400916691 /* Sources */ = {
			isa = PBXSourcesBuildPhase;
			buildActionMask = 2147483647;
			files = (
				2CAD31A91FACD89400916691 /* ViewController.swift in Sources */,
				2CAD31A71FACD89400916691 /* AppDelegate.swift in Sources */,
				2CAD31F91FB4E5DC00916691 /* IndexTableViewCell.swift in Sources */,
				2C89ACE61FCB2B1900706DE3 /* DetailViewController.swift in Sources */,
			);
			runOnlyForDeploymentPostprocessing = 0;
		};
		2CAD31B31FACD89500916691 /* Sources */ = {
			isa = PBXSourcesBuildPhase;
			buildActionMask = 2147483647;
			files = (
				2CAD31BC1FACD89500916691 /* PrintTableRowIndicesTests.swift in Sources */,
			);
			runOnlyForDeploymentPostprocessing = 0;
		};
/* End PBXSourcesBuildPhase section */

/* Begin PBXTargetDependency section */
		2CAD31B91FACD89500916691 /* PBXTargetDependency */ = {
			isa = PBXTargetDependency;
			target = 2CAD31A21FACD89400916691 /* PrintTableRowIndices */;
			targetProxy = 2CAD31B81FACD89500916691 /* PBXContainerItemProxy */;
		};
/* End PBXTargetDependency section */

/* Begin PBXVariantGroup section */
		2CAD31AF1FACD89500916691 /* LaunchScreen.storyboard */ = {
			isa = PBXVariantGroup;
			children = (
				2CAD31B01FACD89500916691 /* Base */,
			);
			name = LaunchScreen.storyboard;
			sourceTree = "<group>";
		};
/* End PBXVariantGroup section */

/* Begin XCBuildConfiguration section */
		2CAD31BE1FACD89500916691 /* Debug */ = {
			isa = XCBuildConfiguration;
			buildSettings = {
				ALWAYS_SEARCH_USER_PATHS = NO;
				CLANG_ANALYZER_NONNULL = YES;
				CLANG_ANALYZER_NUMBER_OBJECT_CONVERSION = YES_AGGRESSIVE;
				CLANG_CXX_LANGUAGE_STANDARD = "gnu++14";
				CLANG_CXX_LIBRARY = "libc++";
				CLANG_ENABLE_MODULES = YES;
				CLANG_ENABLE_OBJC_ARC = YES;
				CLANG_WARN_BLOCK_CAPTURE_AUTORELEASING = YES;
				CLANG_WARN_BOOL_CONVERSION = YES;
				CLANG_WARN_COMMA = YES;
				CLANG_WARN_CONSTANT_CONVERSION = YES;
				CLANG_WARN_DIRECT_OBJC_ISA_USAGE = YES_ERROR;
				CLANG_WARN_DOCUMENTATION_COMMENTS = YES;
				CLANG_WARN_EMPTY_BODY = YES;
				CLANG_WARN_ENUM_CONVERSION = YES;
				CLANG_WARN_INFINITE_RECURSION = YES;
				CLANG_WARN_INT_CONVERSION = YES;
				CLANG_WARN_NON_LITERAL_NULL_CONVERSION = YES;
				CLANG_WARN_OBJC_LITERAL_CONVERSION = YES;
				CLANG_WARN_OBJC_ROOT_CLASS = YES_ERROR;
				CLANG_WARN_RANGE_LOOP_ANALYSIS = YES;
				CLANG_WARN_STRICT_PROTOTYPES = YES;
				CLANG_WARN_SUSPICIOUS_MOVE = YES;
				CLANG_WARN_UNGUARDED_AVAILABILITY = YES_AGGRESSIVE;
				CLANG_WARN_UNREACHABLE_CODE = YES;
				CLANG_WARN__DUPLICATE_METHOD_MATCH = YES;
				CODE_SIGN_IDENTITY = "iPhone Developer";
				COPY_PHASE_STRIP = NO;
				DEBUG_INFORMATION_FORMAT = dwarf;
				ENABLE_STRICT_OBJC_MSGSEND = YES;
				ENABLE_TESTABILITY = YES;
				GCC_C_LANGUAGE_STANDARD = gnu11;
				GCC_DYNAMIC_NO_PIC = NO;
				GCC_NO_COMMON_BLOCKS = YES;
				GCC_OPTIMIZATION_LEVEL = 0;
				GCC_PREPROCESSOR_DEFINITIONS = (
					"DEBUG=1",
					"$(inherited)",
				);
				GCC_WARN_64_TO_32_BIT_CONVERSION = YES;
				GCC_WARN_ABOUT_RETURN_TYPE = YES_ERROR;
				GCC_WARN_UNDECLARED_SELECTOR = YES;
				GCC_WARN_UNINITIALIZED_AUTOS = YES_AGGRESSIVE;
				GCC_WARN_UNUSED_FUNCTION = YES;
				GCC_WARN_UNUSED_VARIABLE = YES;
				IPHONEOS_DEPLOYMENT_TARGET = 11.0;
				MTL_ENABLE_DEBUG_INFO = YES;
				ONLY_ACTIVE_ARCH = YES;
				SDKROOT = iphoneos;
				SWIFT_ACTIVE_COMPILATION_CONDITIONS = DEBUG;
				SWIFT_OPTIMIZATION_LEVEL = "-Onone";
			};
			name = Debug;
		};
		2CAD31BF1FACD89500916691 /* Release */ = {
			isa = XCBuildConfiguration;
			buildSettings = {
				ALWAYS_SEARCH_USER_PATHS = NO;
				CLANG_ANALYZER_NONNULL = YES;
				CLANG_ANALYZER_NUMBER_OBJECT_CONVERSION = YES_AGGRESSIVE;
				CLANG_CXX_LANGUAGE_STANDARD = "gnu++14";
				CLANG_CXX_LIBRARY = "libc++";
				CLANG_ENABLE_MODULES = YES;
				CLANG_ENABLE_OBJC_ARC = YES;
				CLANG_WARN_BLOCK_CAPTURE_AUTORELEASING = YES;
				CLANG_WARN_BOOL_CONVERSION = YES;
				CLANG_WARN_COMMA = YES;
				CLANG_WARN_CONSTANT_CONVERSION = YES;
				CLANG_WARN_DIRECT_OBJC_ISA_USAGE = YES_ERROR;
				CLANG_WARN_DOCUMENTATION_COMMENTS = YES;
				CLANG_WARN_EMPTY_BODY = YES;
				CLANG_WARN_ENUM_CONVERSION = YES;
				CLANG_WARN_INFINITE_RECURSION = YES;
				CLANG_WARN_INT_CONVERSION = YES;
				CLANG_WARN_NON_LITERAL_NULL_CONVERSION = YES;
				CLANG_WARN_OBJC_LITERAL_CONVERSION = YES;
				CLANG_WARN_OBJC_ROOT_CLASS = YES_ERROR;
				CLANG_WARN_RANGE_LOOP_ANALYSIS = YES;
				CLANG_WARN_STRICT_PROTOTYPES = YES;
				CLANG_WARN_SUSPICIOUS_MOVE = YES;
				CLANG_WARN_UNGUARDED_AVAILABILITY = YES_AGGRESSIVE;
				CLANG_WARN_UNREACHABLE_CODE = YES;
				CLANG_WARN__DUPLICATE_METHOD_MATCH = YES;
				CODE_SIGN_IDENTITY = "iPhone Developer";
				COPY_PHASE_STRIP = NO;
				DEBUG_INFORMATION_FORMAT = "dwarf-with-dsym";
				ENABLE_NS_ASSERTIONS = NO;
				ENABLE_STRICT_OBJC_MSGSEND = YES;
				GCC_C_LANGUAGE_STANDARD = gnu11;
				GCC_NO_COMMON_BLOCKS = YES;
				GCC_WARN_64_TO_32_BIT_CONVERSION = YES;
				GCC_WARN_ABOUT_RETURN_TYPE = YES_ERROR;
				GCC_WARN_UNDECLARED_SELECTOR = YES;
				GCC_WARN_UNINITIALIZED_AUTOS = YES_AGGRESSIVE;
				GCC_WARN_UNUSED_FUNCTION = YES;
				GCC_WARN_UNUSED_VARIABLE = YES;
				IPHONEOS_DEPLOYMENT_TARGET = 11.0;
				MTL_ENABLE_DEBUG_INFO = NO;
				SDKROOT = iphoneos;
				SWIFT_OPTIMIZATION_LEVEL = "-Owholemodule";
				VALIDATE_PRODUCT = YES;
			};
			name = Release;
		};
		2CAD31C11FACD89500916691 /* Debug */ = {
			isa = XCBuildConfiguration;
			buildSettings = {
				ASSETCATALOG_COMPILER_APPICON_NAME = AppIcon;
				CODE_SIGN_STYLE = Automatic;
				INFOPLIST_FILE = PrintTableRowIndices/Info.plist;
				LD_RUNPATH_SEARCH_PATHS = "$(inherited) @executable_path/Frameworks";
				PRODUCT_BUNDLE_IDENTIFIER = com.mindbodyonline.PrintTableRowIndices;
				PRODUCT_NAME = "$(TARGET_NAME)";
				SWIFT_VERSION = 4.0;
				TARGETED_DEVICE_FAMILY = "1,2";
			};
			name = Debug;
		};
		2CAD31C21FACD89500916691 /* Release */ = {
			isa = XCBuildConfiguration;
			buildSettings = {
				ASSETCATALOG_COMPILER_APPICON_NAME = AppIcon;
				CODE_SIGN_STYLE = Automatic;
				INFOPLIST_FILE = PrintTableRowIndices/Info.plist;
				LD_RUNPATH_SEARCH_PATHS = "$(inherited) @executable_path/Frameworks";
				PRODUCT_BUNDLE_IDENTIFIER = com.mindbodyonline.PrintTableRowIndices;
				PRODUCT_NAME = "$(TARGET_NAME)";
				SWIFT_VERSION = 4.0;
				TARGETED_DEVICE_FAMILY = "1,2";
			};
			name = Release;
		};
		2CAD31C41FACD89500916691 /* Debug */ = {
			isa = XCBuildConfiguration;
			buildSettings = {
				ALWAYS_EMBED_SWIFT_STANDARD_LIBRARIES = YES;
				BUNDLE_LOADER = "$(TEST_HOST)";
				CODE_SIGN_STYLE = Automatic;
				INFOPLIST_FILE = PrintTableRowIndicesTests/Info.plist;
				LD_RUNPATH_SEARCH_PATHS = "$(inherited) @executable_path/Frameworks @loader_path/Frameworks";
				PRODUCT_BUNDLE_IDENTIFIER = com.mindbodyonline.PrintTableRowIndicesTests;
				PRODUCT_NAME = "$(TARGET_NAME)";
				SWIFT_VERSION = 4.0;
				TARGETED_DEVICE_FAMILY = "1,2";
				TEST_HOST = "$(BUILT_PRODUCTS_DIR)/PrintTableRowIndices.app/PrintTableRowIndices";
			};
			name = Debug;
		};
		2CAD31C51FACD89500916691 /* Release */ = {
			isa = XCBuildConfiguration;
			buildSettings = {
				ALWAYS_EMBED_SWIFT_STANDARD_LIBRARIES = YES;
				BUNDLE_LOADER = "$(TEST_HOST)";
				CODE_SIGN_STYLE = Automatic;
				INFOPLIST_FILE = PrintTableRowIndicesTests/Info.plist;
				LD_RUNPATH_SEARCH_PATHS = "$(inherited) @executable_path/Frameworks @loader_path/Frameworks";
				PRODUCT_BUNDLE_IDENTIFIER = com.mindbodyonline.PrintTableRowIndicesTests;
				PRODUCT_NAME = "$(TARGET_NAME)";
				SWIFT_VERSION = 4.0;
				TARGETED_DEVICE_FAMILY = "1,2";
				TEST_HOST = "$(BUILT_PRODUCTS_DIR)/PrintTableRowIndices.app/PrintTableRowIndices";
			};
			name = Release;
		};
/* End XCBuildConfiguration section */

/* Begin XCConfigurationList section */
		2CAD319E1FACD89400916691 /* Build configuration list for PBXProject "PrintTableRowIndices" */ = {
			isa = XCConfigurationList;
			buildConfigurations = (
				2CAD31BE1FACD89500916691 /* Debug */,
				2CAD31BF1FACD89500916691 /* Release */,
			);
			defaultConfigurationIsVisible = 0;
			defaultConfigurationName = Release;
		};
		2CAD31C01FACD89500916691 /* Build configuration list for PBXNativeTarget "PrintTableRowIndices" */ = {
			isa = XCConfigurationList;
			buildConfigurations = (
				2CAD31C11FACD89500916691 /* Debug */,
				2CAD31C21FACD89500916691 /* Release */,
			);
			defaultConfigurationIsVisible = 0;
			defaultConfigurationName = Release;
		};
		2CAD31C31FACD89500916691 /* Build configuration list for PBXNativeTarget "PrintTableRowIndicesTests" */ = {
			isa = XCConfigurationList;
			buildConfigurations = (
				2CAD31C41FACD89500916691 /* Debug */,
				2CAD31C51FACD89500916691 /* Release */,
			);
			defaultConfigurationIsVisible = 0;
			defaultConfigurationName = Release;
		};
/* End XCConfigurationList section */
	};
	rootObject = 2CAD319B1FACD89400916691 /* Project object */;
}
